<<<<<<< HEAD
{
  "name": "waapply-blog",
  "lockfileVersion": 3,
  "requires": true,
  "packages": {
    "": {
      "name": "waapply-blog",
      "devDependencies": {
        "@fontsource/dm-sans": "^5.2.8",
        "@fontsource/syne": "^5.2.7"
      }
    },
    "node_modules/@fontsource/dm-sans": {
      "version": "5.2.8",
      "resolved": "https://registry.npmjs.org/@fontsource/dm-sans/-/dm-sans-5.2.8.tgz",
      "integrity": "sha512-tlovG42m9ESG28WiHpLq3F5umAlm64rv0RkqTbYowRn70e9OlRr5a3yTJhrhrY+k5lftR/OFJjPzOLQzk8EfCA==",
      "dev": true,
      "license": "OFL-1.1",
      "funding": {
        "url": "https://github.com/sponsors/ayuhito"
      }
    },
    "node_modules/@fontsource/syne": {
      "version": "5.2.7",
      "resolved": "https://registry.npmjs.org/@fontsource/syne/-/syne-5.2.7.tgz",
      "integrity": "sha512-OgWgLPSbieiSfdFXgMs0l/rspIFzVoDZxw8wKj15n39epRqO5+Uv36c0MXNDcw2GuK/TIBgpC9G8VAgs+bVm7A==",
      "dev": true,
      "license": "OFL-1.1",
      "funding": {
        "url": "https://github.com/sponsors/ayuhito"
      }
    }
  }
}
=======
{
  "name": "waapply-blog",
  "lockfileVersion": 3,
  "requires": true,
  "packages": {
    "": {
      "name": "waapply-blog",
      "devDependencies": {
        "@fontsource/dm-sans": "^5.2.8",
        "@fontsource/syne": "^5.2.7"
      }
    },
    "node_modules/@fontsource/dm-sans": {
      "version": "5.2.8",
      "resolved": "https://registry.npmjs.org/@fontsource/dm-sans/-/dm-sans-5.2.8.tgz",
      "integrity": "sha512-tlovG42m9ESG28WiHpLq3F5umAlm64rv0RkqTbYowRn70e9OlRr5a3yTJhrhrY+k5lftR/OFJjPzOLQzk8EfCA==",
      "dev": true,
      "license": "OFL-1.1",
      "funding": {
        "url": "https://github.com/sponsors/ayuhito"
      }
    },
    "node_modules/@fontsource/syne": {
      "version": "5.2.7",
      "resolved": "https://registry.npmjs.org/@fontsource/syne/-/syne-5.2.7.tgz",
      "integrity": "sha512-OgWgLPSbieiSfdFXgMs0l/rspIFzVoDZxw8wKj15n39epRqO5+Uv36c0MXNDcw2GuK/TIBgpC9G8VAgs+bVm7A==",
      "dev": true,
      "license": "OFL-1.1",
      "funding": {
        "url": "https://github.com/sponsors/ayuhito"
      }
    }
  }
}
>>>>>>> 52ecd04 (Update 07/04/2026)
